{
  "name": "SlidesSearch",
  "version": "unspecified",
  "lockfileVersion": 3,
  "requires": true,
  "packages": {
    "": {
      "name": "SlidesSearch",
      "version": "unspecified",
      "workspaces": [
        "packages/SlidesSearch-core",
        "packages/SlidesSearch-core-test",
        "packages/SlidesSearch-app-shared-ui",
        "packages/SlidesSearch-app-shared-ui-test",
        "packages/SlidesSearch-app-web",
        "packages/SlidesSearch-app-web-test",
        "packages_imported/skiko-wasm-js/0.9.47",
        "packages_imported/skiko-js-wasm-runtime/0.9.47",
        "packages_imported/Kotlin-DateTime-library-kotlinx-datetime-wasm-js/0.7.1"
      ],
      "devDependencies": {}
    },
    "node_modules/@js-joda/core": {
      "version": "3.2.0",
      "resolved": "https://registry.npmjs.org/@js-joda/core/-/core-3.2.0.tgz",
      "integrity": "sha512-PMqgJ0sw5B7FKb2d5bWYIoxjri+QlW/Pys7+Rw82jSH0QN3rB05jZ/VrrsUdh1w4+i2kw9JOejXGq/KhDOX7Kg==",
      "license": "BSD-3-Clause"
    },
    "node_modules/Kotlin-DateTime-library-kotlinx-datetime-wasm-js": {
      "resolved": "packages_imported/Kotlin-DateTime-library-kotlinx-datetime-wasm-js/0.7.1",
      "link": true
    },
    "node_modules/skiko-js-wasm-runtime": {
      "resolved": "packages_imported/skiko-js-wasm-runtime/0.9.47",
      "link": true
    },
    "node_modules/skiko-wasm-js": {
      "resolved": "packages_imported/skiko-wasm-js/0.9.47",
      "link": true
    },
    "node_modules/SlidesSearch-app-shared-ui": {
      "resolved": "packages/SlidesSearch-app-shared-ui",
      "link": true
    },
    "node_modules/SlidesSearch-app-shared-ui-test": {
      "resolved": "packages/SlidesSearch-app-shared-ui-test",
      "link": true
    },
    "node_modules/SlidesSearch-app-web": {
      "resolved": "packages/SlidesSearch-app-web",
      "link": true
    },
    "node_modules/SlidesSearch-app-web-test": {
      "resolved": "packages/SlidesSearch-app-web-test",
      "link": true
    },
    "node_modules/SlidesSearch-core": {
      "resolved": "packages/SlidesSearch-core",
      "link": true
    },
    "node_modules/SlidesSearch-core-test": {
      "resolved": "packages/SlidesSearch-core-test",
      "link": true
    },
    "packages_imported/Kotlin-DateTime-library-kotlinx-datetime-wasm-js/0.7.1": {
      "name": "Kotlin-DateTime-library-kotlinx-datetime-wasm-js",
      "version": "0.7.1",
      "dependencies": {
        "@js-joda/core": "3.2.0"
      },
      "devDependencies": {}
    },
    "packages_imported/skiko-js-wasm-runtime/0.9.47": {
      "name": "skiko-js-wasm-runtime",
      "version": "0.9.47",
      "devDependencies": {}
    },
    "packages_imported/skiko-wasm-js/0.9.47": {
      "name": "skiko-wasm-js",
      "version": "0.9.47",
      "devDependencies": {}
    },
    "packages/SlidesSearch-app-shared-ui": {
      "version": "0.0.0-unspecified",
      "dependencies": {
        "@js-joda/core": "3.2.0"
      },
      "devDependencies": {}
    },
    "packages/SlidesSearch-app-shared-ui-test": {
      "version": "0.0.0-unspecified",
      "dependencies": {
        "@js-joda/core": "3.2.0"
      },
      "devDependencies": {}
    },
    "packages/SlidesSearch-app-web": {
      "version": "0.0.0-unspecified",
      "dependencies": {
        "@js-joda/core": "3.2.0"
      },
      "devDependencies": {}
    },
    "packages/SlidesSearch-app-web-test": {
      "version": "0.0.0-unspecified",
      "dependencies": {
        "@js-joda/core": "3.2.0"
      },
      "devDependencies": {}
    },
    "packages/SlidesSearch-core": {
      "version": "0.0.0-unspecified",
      "devDependencies": {}
    },
    "packages/SlidesSearch-core-test": {
      "version": "0.0.0-unspecified",
      "devDependencies": {}
    }
  }
}
